
Microsoft Visual Studio Solution File, Format Version 12.00
# Visual Studio 15
VisualStudioVersion = 15.0.28307.852
MinimumVisualStudioVersion = 10.0.40219.1
Project("{FAE04EC0-301F-11D3-BF4B-00C04F79EFBC}") = "ValidNumberBetween0and10", "ValidNumberBetween0and10\ValidNumberBetween0and10.csproj", "{71754BA4-3964-4844-B204-C8A6EA82482B}"
EndProject
Global
	GlobalSection(SolutionConfigurationPlatforms) = preSolution
		Debug|Any CPU = Debug|Any CPU
		Release|Any CPU = Release|Any CPU
	EndGlobalSection
	GlobalSection(ProjectConfigurationPlatforms) = postSolution
		{71754BA4-3964-4844-B204-C8A6EA82482B}.Debug|Any CPU.ActiveCfg = Debug|Any CPU
		{71754BA4-3964-4844-B204-C8A6EA82482B}.Debug|Any CPU.Build.0 = Debug|Any CPU
		{71754BA4-3964-4844-B204-C8A6EA82482B}.Release|Any CPU.ActiveCfg = Release|Any CPU
		{71754BA4-3964-4844-B204-C8A6EA82482B}.Release|Any CPU.Build.0 = Release|Any CPU
	EndGlobalSection
	GlobalSection(SolutionProperties) = preSolution
		HideSolutionNode = FALSE
	EndGlobalSection
	GlobalSection(ExtensibilityGlobals) = postSolution
		SolutionGuid = {9481B91F-8F4F-4D58-846E-DDA93522D7BD}
	EndGlobalSection
EndGlobal
